
Microsoft Visual Studio Solution File, Format Version 12.00
# Visual Studio Version 16
VisualStudioVersion = 16.0.30804.86
MinimumVisualStudioVersion = 10.0.40219.1
Project("{FAE04EC0-301F-11D3-BF4B-00C04F79EFBC}") = "Mines", "Mines\Mines.csproj", "{DA9E1BFD-9111-4146-9490-5BB05D91F75A}"
EndProject
Global
	GlobalSection(SolutionConfigurationPlatforms) = preSolution
		Debug|Any CPU = Debug|Any CPU
		Release|Any CPU = Release|Any CPU
	EndGlobalSection
	GlobalSection(ProjectConfigurationPlatforms) = postSolution
		{DA9E1BFD-9111-4146-9490-5BB05D91F75A}.Debug|Any CPU.ActiveCfg = Debug|Any CPU
		{DA9E1BFD-9111-4146-9490-5BB05D91F75A}.Debug|Any CPU.Build.0 = Debug|Any CPU
		{DA9E1BFD-9111-4146-9490-5BB05D91F75A}.Release|Any CPU.ActiveCfg = Release|Any CPU
		{DA9E1BFD-9111-4146-9490-5BB05D91F75A}.Release|Any CPU.Build.0 = Release|Any CPU
	EndGlobalSection
	GlobalSection(SolutionProperties) = preSolution
		HideSolutionNode = FALSE
	EndGlobalSection
	GlobalSection(ExtensibilityGlobals) = postSolution
		SolutionGuid = {9AE4D626-F127-42CB-8DAE-534BEF737156}
	EndGlobalSection
EndGlobal
